// !$*UTF8*$!
{
	archiveVersion = 1;
	classes = {
	};
	objectVersion = 48;
	objects = {

/* Begin PBXBuildFile section */
		972B97142AD744D128F6931C /* Pods_TumblrTPM.framework in Frameworks */ = {isa = PBXBuildFile; fileRef = AAC5F269CE42A30696E51E37 /* Pods_TumblrTPM.framework */; };
		F70AE2571FF48D9000EFC8C6 /* PhotosViewController.swift in Sources */ = {isa = PBXBuildFile; fileRef = F70AE2561FF48D9000EFC8C6 /* PhotosViewController.swift */; };
		F70AE2591FF4923C00EFC8C6 /* FeedCellTableViewCell.swift in Sources */ = {isa = PBXBuildFile; fileRef = F70AE2581FF4923C00EFC8C6 /* FeedCellTableViewCell.swift */; };
		F70AE25B1FF495BB00EFC8C6 /* README.md in Resources */ = {isa = PBXBuildFile; fileRef = F70AE25A1FF495BB00EFC8C6 /* README.md */; };
		F70AE2671FF578B900EFC8C6 /* PhotoDetailViewController.swift in Sources */ = {isa = PBXBuildFile; fileRef = F70AE2661FF578B900EFC8C6 /* PhotoDetailViewController.swift */; };
		F7CC40F91FF4809300C5B8A3 /* AppDelegate.swift in Sources */ = {isa = PBXBuildFile; fileRef = F7CC40F81FF4809300C5B8A3 /* AppDelegate.swift */; };
		F7CC40FE1FF4809300C5B8A3 /* Main.storyboard in Resources */ = {isa = PBXBuildFile; fileRef = F7CC40FC1FF4809300C5B8A3 /* Main.storyboard */; };
		F7CC41001FF4809300C5B8A3 /* Assets.xcassets in Resources */ = {isa = PBXBuildFile; fileRef = F7CC40FF1FF4809300C5B8A3 /* Assets.xcassets */; };
		F7CC41031FF4809300C5B8A3 /* LaunchScreen.storyboard in Resources */ = {isa = PBXBuildFile; fileRef = F7CC41011FF4809300C5B8A3 /* LaunchScreen.storyboard */; };
/* End PBXBuildFile section */

/* Begin PBXFileReference section */
		10AAD641436C2932853927E7 /* Pods-TumblrTPM.debug.xcconfig */ = {isa = PBXFileReference; includeInIndex = 1; lastKnownFileType = text.xcconfig; name = "Pods-TumblrTPM.debug.xcconfig"; path = "Pods/Target Support Files/Pods-TumblrTPM/Pods-TumblrTPM.debug.xcconfig"; sourceTree = "<group>"; };
		A4BCC9B02945E45CF0856967 /* Pods-TumblrTPM.release.xcconfig */ = {isa = PBXFileReference; includeInIndex = 1; lastKnownFileType = text.xcconfig; name = "Pods-TumblrTPM.release.xcconfig"; path = "Pods/Target Support Files/Pods-TumblrTPM/Pods-TumblrTPM.release.xcconfig"; sourceTree = "<group>"; };
		AAC5F269CE42A30696E51E37 /* Pods_TumblrTPM.framework */ = {isa = PBXFileReference; explicitFileType = wrapper.framework; includeInIndex = 0; path = Pods_TumblrTPM.framework; sourceTree = BUILT_PRODUCTS_DIR; };
		F70AE2561FF48D9000EFC8C6 /* PhotosViewController.swift */ = {isa = PBXFileReference; lastKnownFileType = sourcecode.swift; path = PhotosViewController.swift; sourceTree = "<group>"; };
		F70AE2581FF4923C00EFC8C6 /* FeedCellTableViewCell.swift */ = {isa = PBXFileReference; lastKnownFileType = sourcecode.swift; path = FeedCellTableViewCell.swift; sourceTree = "<group>"; };
		F70AE25A1FF495BB00EFC8C6 /* README.md */ = {isa = PBXFileReference; fileEncoding = 4; lastKnownFileType = net.daringfireball.markdown; path = README.md; sourceTree = SOURCE_ROOT; };
		F70AE2661FF578B900EFC8C6 /* PhotoDetailViewController.swift */ = {isa = PBXFileReference; lastKnownFileType = sourcecode.swift; path = PhotoDetailViewController.swift; sourceTree = "<group>"; };
		F7CC40F51FF4809300C5B8A3 /* TumblrTPM.app */ = {isa = PBXFileReference; explicitFileType = wrapper.application; includeInIndex = 0; path = TumblrTPM.app; sourceTree = BUILT_PRODUCTS_DIR; };
		F7CC40F81FF4809300C5B8A3 /* AppDelegate.swift */ = {isa = PBXFileReference; lastKnownFileType = sourcecode.swift; path = AppDelegate.swift; sourceTree = "<group>"; };
		F7CC40FD1FF4809300C5B8A3 /* Base */ = {isa = PBXFileReference; lastKnownFileType = file.storyboard; name = Base; path = Base.lproj/Main.storyboard; sourceTree = "<group>"; };
		F7CC40FF1FF4809300C5B8A3 /* Assets.xcassets */ = {isa = PBXFileReference; lastKnownFileType = folder.assetcatalog; path = Assets.xcassets; sourceTree = "<group>"; };
		F7CC41021FF4809300C5B8A3 /* Base */ = {isa = PBXFileReference; lastKnownFileType = file.storyboard; name = Base; path = Base.lproj/LaunchScreen.storyboard; sourceTree = "<group>"; };
		F7CC41041FF4809300C5B8A3 /* Info.plist */ = {isa = PBXFileReference; lastKnownFileType = text.plist.xml; path = Info.plist; sourceTree = "<group>"; };
/* End PBXFileReference section */

/* Begin PBXFrameworksBuildPhase section */
		F7CC40F21FF4809300C5B8A3 /* Frameworks */ = {
			isa = PBXFrameworksBuildPhase;
			buildActionMask = 2147483647;
			files = (
				972B97142AD744D128F6931C /* Pods_TumblrTPM.framework in Frameworks */,
			);
			runOnlyForDeploymentPostprocessing = 0;
		};
/* End PBXFrameworksBuildPhase section */

/* Begin PBXGroup section */
		7E44BFF6462A9F7E90D5F25A /* Pods */ = {
			isa = PBXGroup;
			children = (
				10AAD641436C2932853927E7 /* Pods-TumblrTPM.debug.xcconfig */,
				A4BCC9B02945E45CF0856967 /* Pods-TumblrTPM.release.xcconfig */,
			);
			name = Pods;
			sourceTree = "<group>";
		};
		AF65A80077C438DD578DF03E /* Frameworks */ = {
			isa = PBXGroup;
			children = (
				AAC5F269CE42A30696E51E37 /* Pods_TumblrTPM.framework */,
			);
			name = Frameworks;
			sourceTree = "<group>";
		};
		F70AE2641FF5787C00EFC8C6 /* ViewControllers */ = {
			isa = PBXGroup;
			children = (
				F70AE2561FF48D9000EFC8C6 /* PhotosViewController.swift */,
				F70AE2661FF578B900EFC8C6 /* PhotoDetailViewController.swift */,
			);
			path = ViewControllers;
			sourceTree = "<group>";
		};
		F70AE2651FF5788800EFC8C6 /* Views */ = {
			isa = PBXGroup;
			children = (
				F70AE2581FF4923C00EFC8C6 /* FeedCellTableViewCell.swift */,
			);
			path = Views;
			sourceTree = "<group>";
		};
		F7CC40EC1FF4809300C5B8A3 = {
			isa = PBXGroup;
			children = (
				F7CC40F71FF4809300C5B8A3 /* TumblrTPM */,
				F7CC40F61FF4809300C5B8A3 /* Products */,
				7E44BFF6462A9F7E90D5F25A /* Pods */,
				AF65A80077C438DD578DF03E /* Frameworks */,
			);
			sourceTree = "<group>";
		};
		F7CC40F61FF4809300C5B8A3 /* Products */ = {
			isa = PBXGroup;
			children = (
				F7CC40F51FF4809300C5B8A3 /* TumblrTPM.app */,
			);
			name = Products;
			sourceTree = "<group>";
		};
		F7CC40F71FF4809300C5B8A3 /* TumblrTPM */ = {
			isa = PBXGroup;
			children = (
				F70AE2651FF5788800EFC8C6 /* Views */,
				F70AE2641FF5787C00EFC8C6 /* ViewControllers */,
				F7CC40F81FF4809300C5B8A3 /* AppDelegate.swift */,
				F70AE25A1FF495BB00EFC8C6 /* README.md */,
				F7CC40FC1FF4809300C5B8A3 /* Main.storyboard */,
				F7CC40FF1FF4809300C5B8A3 /* Assets.xcassets */,
				F7CC41011FF4809300C5B8A3 /* LaunchScreen.storyboard */,
				F7CC41041FF4809300C5B8A3 /* Info.plist */,
			);
			path = TumblrTPM;
			sourceTree = "<group>";
		};
/* End PBXGroup section */

/* Begin PBXNativeTarget section */
		F7CC40F41FF4809300C5B8A3 /* TumblrTPM */ = {
			isa = PBXNativeTarget;
			buildConfigurationList = F7CC41071FF4809300C5B8A3 /* Build configuration list for PBXNativeTarget "TumblrTPM" */;
			buildPhases = (
				2A70BA9F379AC1D015E589E3 /* [CP] Check Pods Manifest.lock */,
				F7CC40F11FF4809300C5B8A3 /* Sources */,
				F7CC40F21FF4809300C5B8A3 /* Frameworks */,
				F7CC40F31FF4809300C5B8A3 /* Resources */,
				F3CC940D58D81C4317C39989 /* [CP] Embed Pods Frameworks */,
				6FCF7579615E0E28C5F656DF /* [CP] Copy Pods Resources */,
			);
			buildRules = (
			);
			dependencies = (
			);
			name = TumblrTPM;
			productName = TumblrTPM;
			productReference = F7CC40F51FF4809300C5B8A3 /* TumblrTPM.app */;
			productType = "com.apple.product-type.application";
		};
/* End PBXNativeTarget section */

/* Begin PBXProject section */
		F7CC40ED1FF4809300C5B8A3 /* Project object */ = {
			isa = PBXProject;
			attributes = {
				LastSwiftUpdateCheck = 0920;
				LastUpgradeCheck = 0920;
				ORGANIZATIONNAME = "Eduardo Carrillo";
				TargetAttributes = {
					F7CC40F41FF4809300C5B8A3 = {
						CreatedOnToolsVersion = 9.2;
						ProvisioningStyle = Automatic;
					};
				};
			};
			buildConfigurationList = F7CC40F01FF4809300C5B8A3 /* Build configuration list for PBXProject "TumblrTPM" */;
			compatibilityVersion = "Xcode 8.0";
			developmentRegion = en;
			hasScannedForEncodings = 0;
			knownRegions = (
				en,
				Base,
			);
			mainGroup = F7CC40EC1FF4809300C5B8A3;
			productRefGroup = F7CC40F61FF4809300C5B8A3 /* Products */;
			projectDirPath = "";
			projectRoot = "";
			targets = (
				F7CC40F41FF4809300C5B8A3 /* TumblrTPM */,
			);
		};
/* End PBXProject section */

/* Begin PBXResourcesBuildPhase section */
		F7CC40F31FF4809300C5B8A3 /* Resources */ = {
			isa = PBXResourcesBuildPhase;
			buildActionMask = 2147483647;
			files = (
				F7CC41031FF4809300C5B8A3 /* LaunchScreen.storyboard in Resources */,
				F7CC41001FF4809300C5B8A3 /* Assets.xcassets in Resources */,
				F70AE25B1FF495BB00EFC8C6 /* README.md in Resources */,
				F7CC40FE1FF4809300C5B8A3 /* Main.storyboard in Resources */,
			);
			runOnlyForDeploymentPostprocessing = 0;
		};
/* End PBXResourcesBuildPhase section */

/* Begin PBXShellScriptBuildPhase section */
		2A70BA9F379AC1D015E589E3 /* [CP] Check Pods Manifest.lock */ = {
			isa = PBXShellScriptBuildPhase;
			buildActionMask = 2147483647;
			files = (
			);
			inputPaths = (
				"${PODS_PODFILE_DIR_PATH}/Podfile.lock",
				"${PODS_ROOT}/Manifest.lock",
			);
			name = "[CP] Check Pods Manifest.lock";
			outputPaths = (
				"$(DERIVED_FILE_DIR)/Pods-TumblrTPM-checkManifestLockResult.txt",
			);
			runOnlyForDeploymentPostprocessing = 0;
			shellPath = /bin/sh;
			shellScript = "diff \"${PODS_PODFILE_DIR_PATH}/Podfile.lock\" \"${PODS_ROOT}/Manifest.lock\" > /dev/null\nif [ $? != 0 ] ; then\n    # print error to STDERR\n    echo \"error: The sandbox is not in sync with the Podfile.lock. Run 'pod install' or update your CocoaPods installation.\" >&2\n    exit 1\nfi\n# This output is used by Xcode 'outputs' to avoid re-running this script phase.\necho \"SUCCESS\" > \"${SCRIPT_OUTPUT_FILE_0}\"\n";
			showEnvVarsInLog = 0;
		};
		6FCF7579615E0E28C5F656DF /* [CP] Copy Pods Resources */ = {
			isa = PBXShellScriptBuildPhase;
			buildActionMask = 2147483647;
			files = (
			);
			inputPaths = (
			);
			name = "[CP] Copy Pods Resources";
			outputPaths = (
			);
			runOnlyForDeploymentPostprocessing = 0;
			shellPath = /bin/sh;
			shellScript = "\"${SRCROOT}/Pods/Target Support Files/Pods-TumblrTPM/Pods-TumblrTPM-resources.sh\"\n";
			showEnvVarsInLog = 0;
		};
		F3CC940D58D81C4317C39989 /* [CP] Embed Pods Frameworks */ = {
			isa = PBXShellScriptBuildPhase;
			buildActionMask = 2147483647;
			files = (
			);
			inputPaths = (
				"${SRCROOT}/Pods/Target Support Files/Pods-TumblrTPM/Pods-TumblrTPM-frameworks.sh",
				"${BUILT_PRODUCTS_DIR}/Alamofire/Alamofire.framework",
				"${BUILT_PRODUCTS_DIR}/AlamofireImage/AlamofireImage.framework",
			);
			name = "[CP] Embed Pods Frameworks";
			outputPaths = (
				"${TARGET_BUILD_DIR}/${FRAMEWORKS_FOLDER_PATH}/Alamofire.framework",
				"${TARGET_BUILD_DIR}/${FRAMEWORKS_FOLDER_PATH}/AlamofireImage.framework",
			);
			runOnlyForDeploymentPostprocessing = 0;
			shellPath = /bin/sh;
			shellScript = "\"${SRCROOT}/Pods/Target Support Files/Pods-TumblrTPM/Pods-TumblrTPM-frameworks.sh\"\n";
			showEnvVarsInLog = 0;
		};
/* End PBXShellScriptBuildPhase section */

/* Begin PBXSourcesBuildPhase section */
		F7CC40F11FF4809300C5B8A3 /* Sources */ = {
			isa = PBXSourcesBuildPhase;
			buildActionMask = 2147483647;
			files = (
				F70AE2591FF4923C00EFC8C6 /* FeedCellTableViewCell.swift in Sources */,
				F7CC40F91FF4809300C5B8A3 /* AppDelegate.swift in Sources */,
				F70AE2671FF578B900EFC8C6 /* PhotoDetailViewController.swift in Sources */,
				F70AE2571FF48D9000EFC8C6 /* PhotosViewController.swift in Sources */,
			);
			runOnlyForDeploymentPostprocessing = 0;
		};
/* End PBXSourcesBuildPhase section */

/* Begin PBXVariantGroup section */
		F7CC40FC1FF4809300C5B8A3 /* Main.storyboard */ = {
			isa = PBXVariantGroup;
			children = (
				F7CC40FD1FF4809300C5B8A3 /* Base */,
			);
			name = Main.storyboard;
			sourceTree = "<group>";
		};
		F7CC41011FF4809300C5B8A3 /* LaunchScreen.storyboard */ = {
			isa = PBXVariantGroup;
			children = (
				F7CC41021FF4809300C5B8A3 /* Base */,
			);
			name = LaunchScreen.storyboard;
			sourceTree = "<group>";
		};
/* End PBXVariantGroup section */

/* Begin XCBuildConfiguration section */
		F7CC41051FF4809300C5B8A3 /* Debug */ = {
			isa = XCBuildConfiguration;
			buildSettings = {
				ALWAYS_SEARCH_USER_PATHS = NO;
				CLANG_ANALYZER_NONNULL = YES;
				CLANG_ANALYZER_NUMBER_OBJECT_CONVERSION = YES_AGGRESSIVE;
				CLANG_CXX_LANGUAGE_STANDARD = "gnu++14";
				CLANG_CXX_LIBRARY = "libc++";
				CLANG_ENABLE_MODULES = YES;
				CLANG_ENABLE_OBJC_ARC = YES;
				CLANG_WARN_BLOCK_CAPTURE_AUTORELEASING = YES;
				CLANG_WARN_BOOL_CONVERSION = YES;
				CLANG_WARN_COMMA = YES;
				CLANG_WARN_CONSTANT_CONVERSION = YES;
				CLANG_WARN_DIRECT_OBJC_ISA_USAGE = YES_ERROR;
				CLANG_WARN_DOCUMENTATION_COMMENTS = YES;
				CLANG_WARN_EMPTY_BODY = YES;
				CLANG_WARN_ENUM_CONVERSION = YES;
				CLANG_WARN_INFINITE_RECURSION = YES;
				CLANG_WARN_INT_CONVERSION = YES;
				CLANG_WARN_NON_LITERAL_NULL_CONVERSION = YES;
				CLANG_WARN_OBJC_LITERAL_CONVERSION = YES;
				CLANG_WARN_OBJC_ROOT_CLASS = YES_ERROR;
				CLANG_WARN_RANGE_LOOP_ANALYSIS = YES;
				CLANG_WARN_STRICT_PROTOTYPES = YES;
				CLANG_WARN_SUSPICIOUS_MOVE = YES;
				CLANG_WARN_UNGUARDED_AVAILABILITY = YES_AGGRESSIVE;
				CLANG_WARN_UNREACHABLE_CODE = YES;
				CLANG_WARN__DUPLICATE_METHOD_MATCH = YES;
				CODE_SIGN_IDENTITY = "iPhone Developer";
				COPY_PHASE_STRIP = NO;
				DEBUG_INFORMATION_FORMAT = dwarf;
				ENABLE_STRICT_OBJC_MSGSEND = YES;
				ENABLE_TESTABILITY = YES;
				GCC_C_LANGUAGE_STANDARD = gnu11;
				GCC_DYNAMIC_NO_PIC = NO;
				GCC_NO_COMMON_BLOCKS = YES;
				GCC_OPTIMIZATION_LEVEL = 0;
				GCC_PREPROCESSOR_DEFINITIONS = (
					"DEBUG=1",
					"$(inherited)",
				);
				GCC_WARN_64_TO_32_BIT_CONVERSION = YES;
				GCC_WARN_ABOUT_RETURN_TYPE = YES_ERROR;
				GCC_WARN_UNDECLARED_SELECTOR = YES;
				GCC_WARN_UNINITIALIZED_AUTOS = YES_AGGRESSIVE;
				GCC_WARN_UNUSED_FUNCTION = YES;
				GCC_WARN_UNUSED_VARIABLE = YES;
				IPHONEOS_DEPLOYMENT_TARGET = 11.2;
				MTL_ENABLE_DEBUG_INFO = YES;
				ONLY_ACTIVE_ARCH = YES;
				SDKROOT = iphoneos;
				SWIFT_ACTIVE_COMPILATION_CONDITIONS = DEBUG;
				SWIFT_OPTIMIZATION_LEVEL = "-Onone";
			};
			name = Debug;
		};
		F7CC41061FF4809300C5B8A3 /* Release */ = {
			isa = XCBuildConfiguration;
			buildSettings = {
				ALWAYS_SEARCH_USER_PATHS = NO;
				CLANG_ANALYZER_NONNULL = YES;
				CLANG_ANALYZER_NUMBER_OBJECT_CONVERSION = YES_AGGRESSIVE;
				CLANG_CXX_LANGUAGE_STANDARD = "gnu++14";
				CLANG_CXX_LIBRARY = "libc++";
				CLANG_ENABLE_MODULES = YES;
				CLANG_ENABLE_OBJC_ARC = YES;
				CLANG_WARN_BLOCK_CAPTURE_AUTORELEASING = YES;
				CLANG_WARN_BOOL_CONVERSION = YES;
				CLANG_WARN_COMMA = YES;
				CLANG_WARN_CONSTANT_CONVERSION = YES;
				CLANG_WARN_DIRECT_OBJC_ISA_USAGE = YES_ERROR;
				CLANG_WARN_DOCUMENTATION_COMMENTS = YES;
				CLANG_WARN_EMPTY_BODY = YES;
				CLANG_WARN_ENUM_CONVERSION = YES;
				CLANG_WARN_INFINITE_RECURSION = YES;
				CLANG_WARN_INT_CONVERSION = YES;
				CLANG_WARN_NON_LITERAL_NULL_CONVERSION = YES;
				CLANG_WARN_OBJC_LITERAL_CONVERSION = YES;
				CLANG_WARN_OBJC_ROOT_CLASS = YES_ERROR;
				CLANG_WARN_RANGE_LOOP_ANALYSIS = YES;
				CLANG_WARN_STRICT_PROTOTYPES = YES;
				CLANG_WARN_SUSPICIOUS_MOVE = YES;
				CLANG_WARN_UNGUARDED_AVAILABILITY = YES_AGGRESSIVE;
				CLANG_WARN_UNREACHABLE_CODE = YES;
				CLANG_WARN__DUPLICATE_METHOD_MATCH = YES;
				CODE_SIGN_IDENTITY = "iPhone Developer";
				COPY_PHASE_STRIP = NO;
				DEBUG_INFORMATION_FORMAT = "dwarf-with-dsym";
				ENABLE_NS_ASSERTIONS = NO;
				ENABLE_STRICT_OBJC_MSGSEND = YES;
				GCC_C_LANGUAGE_STANDARD = gnu11;
				GCC_NO_COMMON_BLOCKS = YES;
				GCC_WARN_64_TO_32_BIT_CONVERSION = YES;
				GCC_WARN_ABOUT_RETURN_TYPE = YES_ERROR;
				GCC_WARN_UNDECLARED_SELECTOR = YES;
				GCC_WARN_UNINITIALIZED_AUTOS = YES_AGGRESSIVE;
				GCC_WARN_UNUSED_FUNCTION = YES;
				GCC_WARN_UNUSED_VARIABLE = YES;
				IPHONEOS_DEPLOYMENT_TARGET = 11.2;
				MTL_ENABLE_DEBUG_INFO = NO;
				SDKROOT = iphoneos;
				SWIFT_OPTIMIZATION_LEVEL = "-Owholemodule";
				VALIDATE_PRODUCT = YES;
			};
			name = Release;
		};
		F7CC41081FF4809300C5B8A3 /* Debug */ = {
			isa = XCBuildConfiguration;
			baseConfigurationReference = 10AAD641436C2932853927E7 /* Pods-TumblrTPM.debug.xcconfig */;
			buildSettings = {
				ASSETCATALOG_COMPILER_APPICON_NAME = AppIcon;
				CODE_SIGN_STYLE = Automatic;
				INFOPLIST_FILE = TumblrTPM/Info.plist;
				LD_RUNPATH_SEARCH_PATHS = "$(inherited) @executable_path/Frameworks";
				PRODUCT_BUNDLE_IDENTIFIER = com.ecproductions.TumblrTPM;
				PRODUCT_NAME = "$(TARGET_NAME)";
				SWIFT_VERSION = 4.0;
				TARGETED_DEVICE_FAMILY = "1,2";
			};
			name = Debug;
		};
		F7CC41091FF4809300C5B8A3 /* Release */ = {
			isa = XCBuildConfiguration;
			baseConfigurationReference = A4BCC9B02945E45CF0856967 /* Pods-TumblrTPM.release.xcconfig */;
			buildSettings = {
				ASSETCATALOG_COMPILER_APPICON_NAME = AppIcon;
				CODE_SIGN_STYLE = Automatic;
				INFOPLIST_FILE = TumblrTPM/Info.plist;
				LD_RUNPATH_SEARCH_PATHS = "$(inherited) @executable_path/Frameworks";
				PRODUCT_BUNDLE_IDENTIFIER = com.ecproductions.TumblrTPM;
				PRODUCT_NAME = "$(TARGET_NAME)";
				SWIFT_VERSION = 4.0;
				TARGETED_DEVICE_FAMILY = "1,2";
			};
			name = Release;
		};
/* End XCBuildConfiguration section */

/* Begin XCConfigurationList section */
		F7CC40F01FF4809300C5B8A3 /* Build configuration list for PBXProject "TumblrTPM" */ = {
			isa = XCConfigurationList;
			buildConfigurations = (
				F7CC41051FF4809300C5B8A3 /* Debug */,
				F7CC41061FF4809300C5B8A3 /* Release */,
			);
			defaultConfigurationIsVisible = 0;
			defaultConfigurationName = Release;
		};
		F7CC41071FF4809300C5B8A3 /* Build configuration list for PBXNativeTarget "TumblrTPM" */ = {
			isa = XCConfigurationList;
			buildConfigurations = (
				F7CC41081FF4809300C5B8A3 /* Debug */,
				F7CC41091FF4809300C5B8A3 /* Release */,
			);
			defaultConfigurationIsVisible = 0;
			defaultConfigurationName = Release;
		};
/* End XCConfigurationList section */
	};
	rootObject = F7CC40ED1FF4809300C5B8A3 /* Project object */;
}
